
Microsoft Visual Studio Solution File, Format Version 11.00
# Visual Studio 2010
Project("{FAE04EC0-301F-11D3-BF4B-00C04F79EFBC}") = "ProjectorGaletes", "ProjectorGaletes\ProjectorGaletes.csproj", "{F620CAB7-DAED-46A5-B540-5D51D4AEE356}"
EndProject
Global
	GlobalSection(SolutionConfigurationPlatforms) = preSolution
		Debug|x86 = Debug|x86
		Release|x86 = Release|x86
	EndGlobalSection
	GlobalSection(ProjectConfigurationPlatforms) = postSolution
		{F620CAB7-DAED-46A5-B540-5D51D4AEE356}.Debug|x86.ActiveCfg = Debug|x86
		{F620CAB7-DAED-46A5-B540-5D51D4AEE356}.Debug|x86.Build.0 = Debug|x86
		{F620CAB7-DAED-46A5-B540-5D51D4AEE356}.Release|x86.ActiveCfg = Release|x86
		{F620CAB7-DAED-46A5-B540-5D51D4AEE356}.Release|x86.Build.0 = Release|x86
	EndGlobalSection
	GlobalSection(SolutionProperties) = preSolution
		HideSolutionNode = FALSE
	EndGlobalSection
EndGlobal
